genesis_block:
  chainId: 2025
  timestamp: "0x0"
  nonce: "0x0"
  difficulty: "0x1"
  gasLimit: "0x1fffffffffffff"
  extraData: "Daniel-Genesis-Block"
  coinbase: "0x0000000000000000000000000000000000000000"
  mixHash: "0x63746963616c2062797a616e74696e65206661756c7420746f6c6572616e6365"
  alloc:
    "0x9eC23e5215a8d28e96bC792055251850eEa01eC0":
      balance: "0xD3C21BCECCEDA1000000"  # 1 Million ETH